<?xml version="1.0" encoding="utf-8"?>
<Project xmlns="http://schemas.microsoft.com/developer/msbuild/2003">
  <ItemGroup>
    <Filter Include="Form Files">
      <UniqueIdentifier>{99349809-55BA-4b9d-BF79-8FDBB0286EB3}</UniqueIdentifier>
      <Extensions>ui</Extensions>
      <ParseFiles>false</ParseFiles>
    </Filter>
    <Filter Include="Form Files">
      <UniqueIdentifier>{99349809-55BA-4b9d-BF79-8FDBB0286EB3}</UniqueIdentifier>
      <Extensions>ui</Extensions>
      <ParseFiles>false</ParseFiles>
    </Filter>
    <Filter Include="Generated Files">
      <UniqueIdentifier>{71ED8ED8-ACB9-4CE9-BBE1-E00B30144E11}</UniqueIdentifier>
      <Extensions>cpp;c;cxx;moc;h;def;odl;idl;res;</Extensions>
    </Filter>
    <Filter Include="Generated Files">
      <UniqueIdentifier>{71ED8ED8-ACB9-4CE9-BBE1-E00B30144E11}</UniqueIdentifier>
      <Extensions>cpp;c;cxx;moc;h;def;odl;idl;res;</Extensions>
    </Filter>
    <Filter Include="Header Files">
      <UniqueIdentifier>{93995380-89BD-4b04-88EB-625FBE52EBFB}</UniqueIdentifier>
      <Extensions>h;hpp;hxx;hm;inl;inc;xsd</Extensions>
    </Filter>
    <Filter Include="Header Files">
      <UniqueIdentifier>{93995380-89BD-4b04-88EB-625FBE52EBFB}</UniqueIdentifier>
      <Extensions>h;hpp;hxx;hm;inl;inc;xsd</Extensions>
    </Filter>
    <Filter Include="Source Files">
      <UniqueIdentifier>{4FC737F1-C7A5-4376-A066-2A32D752A2FF}</UniqueIdentifier>
      <Extensions>cpp;c;cxx;def;odl;idl;hpj;bat;asm;asmx</Extensions>
    </Filter>
    <Filter Include="Source Files">
      <UniqueIdentifier>{4FC737F1-C7A5-4376-A066-2A32D752A2FF}</UniqueIdentifier>
      <Extensions>cpp;c;cxx;def;odl;idl;hpj;bat;asm;asmx</Extensions>
    </Filter>
    <Filter Include="Distribution Files">
      <UniqueIdentifier>{B83CAF91-C7BF-462F-B76C-EA11631F866C}</UniqueIdentifier>
      <Extensions>*</Extensions>
      <ParseFiles>false</ParseFiles>
    </Filter>
    <Filter Include="Distribution Files">
      <UniqueIdentifier>{B83CAF91-C7BF-462F-B76C-EA11631F866C}</UniqueIdentifier>
      <Extensions>*</Extensions>
      <ParseFiles>false</ParseFiles>
    </Filter>
  </ItemGroup>
  <ItemGroup>
    <ClCompile Include="main.cpp">
      <Filter>Source Files</Filter>
    </ClCompile>
    <ClCompile Include="mainwindow.cpp">
      <Filter>Source Files</Filter>
    </ClCompile>
    <ClCompile Include="versionwindow.cpp">
      <Filter>Source Files</Filter>
    </ClCompile>
    <ClCompile Include="cxxmidi\guts\3rdparty\RtMidi\RtMidi.cpp">
      <Filter>Generated Files</Filter>
    </ClCompile>
  </ItemGroup>
  <ItemGroup>
    <QtMoc Include="mainwindow.h">
      <Filter>Header Files</Filter>
    </QtMoc>
    <QtMoc Include="versionwindow.h">
      <Filter>Header Files</Filter>
    </QtMoc>
  </ItemGroup>
  <ItemGroup>
    <CustomBuild Include="debug\moc_predefs.h.cbt">
      <Filter>Generated Files</Filter>
    </CustomBuild>
    <CustomBuild Include="release\moc_predefs.h.cbt">
      <Filter>Generated Files</Filter>
    </CustomBuild>
  </ItemGroup>
  <ItemGroup>
    <QtUic Include="mainwindow.ui">
      <Filter>Form Files</Filter>
    </QtUic>
    <QtUic Include="versionwindow.ui">
      <Filter>Form Files</Filter>
    </QtUic>
  </ItemGroup>
  <ItemGroup>
    <None Include="Utau\Utau_logo_large.png">
      <Filter>Distribution Files</Filter>
    </None>
    <None Include="..\..\Kyle\Pictures\Vocaloid">
      <Filter>Distribution Files</Filter>
    </None>
    <None Include="and">
      <Filter>Distribution Files</Filter>
    </None>
    <None Include="OpenUtau2.pro" />
    <None Include="Daze.mid" />
    <None Include="ClassDiagram.cd" />
    <None Include="Alleycat.mid" />
    <None Include="winmm.dll" />
    <None Include="OpenUtau2_resource.aps" />
  </ItemGroup>
  <ItemGroup>
    <ResourceCompile Include=".\OpenUtau2_resource.rc" />
  </ItemGroup>
  <ItemGroup>
    <Text Include="readme.txt" />
  </ItemGroup>
  <ItemGroup>
    <ClInclude Include="cxxmidi\guts\3rdparty\RtMidi\RtError.h">
      <Filter>Generated Files</Filter>
    </ClInclude>
    <ClInclude Include="cxxmidi\guts\3rdparty\RtMidi\RtMidi.h">
      <Filter>Generated Files</Filter>
    </ClInclude>
    <ClInclude Include="cxxmidi\guts\3rdparty\pstdint.h">
      <Filter>Generated Files</Filter>
    </ClInclude>
    <ClInclude Include="cxxmidi\guts\compiler.hpp">
      <Filter>Header Files</Filter>
    </ClInclude>
    <ClInclude Include="cxxmidi\guts\endianness.hpp">
      <Filter>Header Files</Filter>
    </ClInclude>
    <ClInclude Include="cxxmidi\guts\mutex.hpp">
      <Filter>Header Files</Filter>
    </ClInclude>
    <ClInclude Include="cxxmidi\guts\simulator.hpp">
      <Filter>Header Files</Filter>
    </ClInclude>
    <ClInclude Include="cxxmidi\guts\stdint.hpp">
      <Filter>Header Files</Filter>
    </ClInclude>
    <ClInclude Include="cxxmidi\guts\thread.hpp">
      <Filter>Header Files</Filter>
    </ClInclude>
    <ClInclude Include="cxxmidi\guts\unused.hpp">
      <Filter>Header Files</Filter>
    </ClInclude>
    <ClInclude Include="cxxmidi\output\linux\alsa.hpp">
      <Filter>Header Files</Filter>
    </ClInclude>
    <ClInclude Include="cxxmidi\output\abstract.hpp">
      <Filter>Header Files</Filter>
    </ClInclude>
    <ClInclude Include="cxxmidi\output\default.hpp">
      <Filter>Header Files</Filter>
    </ClInclude>
    <ClInclude Include="cxxmidi\output\windows.hpp">
      <Filter>Header Files</Filter>
    </ClInclude>
    <ClInclude Include="cxxmidi\player\abstract.hpp">
      <Filter>Header Files</Filter>
    </ClInclude>
    <ClInclude Include="cxxmidi\player\asynchronous.hpp">
      <Filter>Header Files</Filter>
    </ClInclude>
    <ClInclude Include="cxxmidi\player\synchronous.hpp">
      <Filter>Header Files</Filter>
    </ClInclude>
    <ClInclude Include="cxxmidi\time\duration.hpp">
      <Filter>Header Files</Filter>
    </ClInclude>
    <ClInclude Include="cxxmidi\time\period.hpp">
      <Filter>Header Files</Filter>
    </ClInclude>
    <ClInclude Include="cxxmidi\time\point.hpp">
      <Filter>Header Files</Filter>
    </ClInclude>
    <ClInclude Include="cxxmidi\callback.hpp">
      <Filter>Header Files</Filter>
    </ClInclude>
    <ClInclude Include="cxxmidi\converters.hpp">
      <Filter>Header Files</Filter>
    </ClInclude>
    <ClInclude Include="cxxmidi\event.hpp">
      <Filter>Header Files</Filter>
    </ClInclude>
    <ClInclude Include="cxxmidi\file.hpp">
      <Filter>Header Files</Filter>
    </ClInclude>
    <ClInclude Include="cxxmidi\instrument.hpp">
      <Filter>Header Files</Filter>
    </ClInclude>
    <ClInclude Include="cxxmidi\message.hpp">
      <Filter>Header Files</Filter>
    </ClInclude>
    <ClInclude Include="cxxmidi\note.hpp">
      <Filter>Header Files</Filter>
    </ClInclude>
    <ClInclude Include="cxxmidi\sleep.hpp">
      <Filter>Header Files</Filter>
    </ClInclude>
    <ClInclude Include="cxxmidi\sysex.hpp">
      <Filter>Header Files</Filter>
    </ClInclude>
    <ClInclude Include="cxxmidi\track.hpp">
      <Filter>Header Files</Filter>
    </ClInclude>
    <ClInclude Include="cxxmidi\utils.hpp">
      <Filter>Header Files</Filter>
    </ClInclude>
    <ClInclude Include="cxxmidi\version.hpp">
      <Filter>Header Files</Filter>
    </ClInclude>
    <ClInclude Include="ui_mainwindow.h">
      <Filter>Generated Files</Filter>
    </ClInclude>
    <ClInclude Include="ui_versionwindow.h">
      <Filter>Generated Files</Filter>
    </ClInclude>
  </ItemGroup>
  <ItemGroup>
    <Image Include="Utau_logo_large.png" />
  </ItemGroup>
</Project>